
Microsoft Visual Studio Solution File, Format Version 12.00
Project("{FAE04EC0-301F-11D3-BF4B-00C04F79EFBC}") = "CATS.Web", "src\CATS.Web\CATS.Web.csproj", "{EC18BE08-2457-4EEA-A35A-BECE11C351F0}"
EndProject
Global
	GlobalSection(SolutionConfigurationPlatforms) = preSolution
		Debug|Any CPU = Debug|Any CPU
		Release|Any CPU = Release|Any CPU
	EndGlobalSection
	GlobalSection(ProjectConfigurationPlatforms) = postSolution
		{EC18BE08-2457-4EEA-A35A-BECE11C351F0}.Debug|Any CPU.ActiveCfg = Debug|Any CPU
		{EC18BE08-2457-4EEA-A35A-BECE11C351F0}.Debug|Any CPU.Build.0 = Debug|Any CPU
		{EC18BE08-2457-4EEA-A35A-BECE11C351F0}.Release|Any CPU.ActiveCfg = Release|Any CPU
		{EC18BE08-2457-4EEA-A35A-BECE11C351F0}.Release|Any CPU.Build.0 = Release|Any CPU
	EndGlobalSection
EndGlobal
